DEPENDENCIES
  chef-workstation
    path: .
    metadata: true

GRAPH
  apt (2.9.2)
  chef-workstation (0.3.0)
    debian (~> 1.8)
    ruby_build (>= 0.0.0)
    ruby_rbenv (>= 0.0.0)
  debian (1.8.0)
    apt (< 3.0)
  ruby_build (1.0.0)
    yum-epel (>= 0.0.0)
  ruby_rbenv (1.1.0)
    java (> 1.4.0)
    ruby_build (>= 0.0.0)
  yum (4.0.0)
  yum-epel (1.0.1)
    yum (>= 3.6)
